
Microsoft Visual Studio Solution File, Format Version 12.00
# Visual Studio 14
VisualStudioVersion = 14.0.24720.0
MinimumVisualStudioVersion = 10.0.40219.1
Project("{FAE04EC0-301F-11D3-BF4B-00C04F79EFBC}") = "Bot.Messenger", "Bot.Messenger\Bot.Messenger.csproj", "{14995748-9D18-46BF-A7B7-7E9111352CAF}"
EndProject
Project("{2150E333-8FDC-42A3-9474-1A3956D46DE8}") = "Solution Items", "Solution Items", "{20AD4B2B-AFD0-4BEB-90CC-0B8CEC225101}"
	ProjectSection(SolutionItems) = preProject
		.gitattributes = .gitattributes
		.gitignore = .gitignore
		Bot.Messenger.nuspec = Bot.Messenger.nuspec
		build.bat = build.bat
		README.md = README.md
	EndProjectSection
EndProject
Global
	GlobalSection(SolutionConfigurationPlatforms) = preSolution
		Debug|Any CPU = Debug|Any CPU
		Release|Any CPU = Release|Any CPU
	EndGlobalSection
	GlobalSection(ProjectConfigurationPlatforms) = postSolution
		{14995748-9D18-46BF-A7B7-7E9111352CAF}.Debug|Any CPU.ActiveCfg = Debug|Any CPU
		{14995748-9D18-46BF-A7B7-7E9111352CAF}.Debug|Any CPU.Build.0 = Debug|Any CPU
		{14995748-9D18-46BF-A7B7-7E9111352CAF}.Release|Any CPU.ActiveCfg = Release|Any CPU
		{14995748-9D18-46BF-A7B7-7E9111352CAF}.Release|Any CPU.Build.0 = Release|Any CPU
	EndGlobalSection
	GlobalSection(SolutionProperties) = preSolution
		HideSolutionNode = FALSE
	EndGlobalSection
EndGlobal
